
Microsoft Visual Studio Solution File, Format Version 12.00
# Visual Studio 2013
VisualStudioVersion = 12.0.30723.0
MinimumVisualStudioVersion = 10.0.40219.1
Project("{FAE04EC0-301F-11D3-BF4B-00C04F79EFBC}") = "Gauss.GUI", "Gauss.GUI\Gauss.GUI.csproj", "{2F2127FA-4C9E-43A6-86BC-5AF1711198AD}"
	ProjectSection(ProjectDependencies) = postProject
		{84FC17E4-F16B-40BA-8000-E33BB43E6762} = {84FC17E4-F16B-40BA-8000-E33BB43E6762}
		{7E6912F7-6EFF-411D-BA96-D392FAC44877} = {7E6912F7-6EFF-411D-BA96-D392FAC44877}
	EndProjectSection
EndProject
Project("{8BC9CEB8-8B4A-11D0-8D11-00A0C91BC942}") = "Gauss.ASM", "Gauss.ASM\Gauss.ASM.vcxproj", "{7E6912F7-6EFF-411D-BA96-D392FAC44877}"
EndProject
Project("{8BC9CEB8-8B4A-11D0-8D11-00A0C91BC942}") = "Gauss.CPP", "Gauss.CPP\Gauss.CPP.vcxproj", "{84FC17E4-F16B-40BA-8000-E33BB43E6762}"
EndProject
Global
	GlobalSection(SolutionConfigurationPlatforms) = preSolution
		Debug|Any CPU = Debug|Any CPU
		Debug|Mixed Platforms = Debug|Mixed Platforms
		Debug|Win32 = Debug|Win32
		Release|Any CPU = Release|Any CPU
		Release|Mixed Platforms = Release|Mixed Platforms
		Release|Win32 = Release|Win32
	EndGlobalSection
	GlobalSection(ProjectConfigurationPlatforms) = postSolution
		{2F2127FA-4C9E-43A6-86BC-5AF1711198AD}.Debug|Any CPU.ActiveCfg = Debug|Any CPU
		{2F2127FA-4C9E-43A6-86BC-5AF1711198AD}.Debug|Any CPU.Build.0 = Debug|Any CPU
		{2F2127FA-4C9E-43A6-86BC-5AF1711198AD}.Debug|Mixed Platforms.ActiveCfg = Debug|Any CPU
		{2F2127FA-4C9E-43A6-86BC-5AF1711198AD}.Debug|Mixed Platforms.Build.0 = Debug|Any CPU
		{2F2127FA-4C9E-43A6-86BC-5AF1711198AD}.Debug|Win32.ActiveCfg = Debug|Any CPU
		{2F2127FA-4C9E-43A6-86BC-5AF1711198AD}.Release|Any CPU.ActiveCfg = Release|Any CPU
		{2F2127FA-4C9E-43A6-86BC-5AF1711198AD}.Release|Any CPU.Build.0 = Release|Any CPU
		{2F2127FA-4C9E-43A6-86BC-5AF1711198AD}.Release|Mixed Platforms.ActiveCfg = Release|Any CPU
		{2F2127FA-4C9E-43A6-86BC-5AF1711198AD}.Release|Mixed Platforms.Build.0 = Release|Any CPU
		{2F2127FA-4C9E-43A6-86BC-5AF1711198AD}.Release|Win32.ActiveCfg = Release|Any CPU
		{7E6912F7-6EFF-411D-BA96-D392FAC44877}.Debug|Any CPU.ActiveCfg = Debug|Win32
		{7E6912F7-6EFF-411D-BA96-D392FAC44877}.Debug|Mixed Platforms.ActiveCfg = Debug|Win32
		{7E6912F7-6EFF-411D-BA96-D392FAC44877}.Debug|Mixed Platforms.Build.0 = Debug|Win32
		{7E6912F7-6EFF-411D-BA96-D392FAC44877}.Debug|Win32.ActiveCfg = Debug|Win32
		{7E6912F7-6EFF-411D-BA96-D392FAC44877}.Debug|Win32.Build.0 = Debug|Win32
		{7E6912F7-6EFF-411D-BA96-D392FAC44877}.Release|Any CPU.ActiveCfg = Release|Win32
		{7E6912F7-6EFF-411D-BA96-D392FAC44877}.Release|Mixed Platforms.ActiveCfg = Release|Win32
		{7E6912F7-6EFF-411D-BA96-D392FAC44877}.Release|Mixed Platforms.Build.0 = Release|Win32
		{7E6912F7-6EFF-411D-BA96-D392FAC44877}.Release|Win32.ActiveCfg = Release|Win32
		{7E6912F7-6EFF-411D-BA96-D392FAC44877}.Release|Win32.Build.0 = Release|Win32
		{84FC17E4-F16B-40BA-8000-E33BB43E6762}.Debug|Any CPU.ActiveCfg = Debug|Win32
		{84FC17E4-F16B-40BA-8000-E33BB43E6762}.Debug|Mixed Platforms.ActiveCfg = Debug|Win32
		{84FC17E4-F16B-40BA-8000-E33BB43E6762}.Debug|Mixed Platforms.Build.0 = Debug|Win32
		{84FC17E4-F16B-40BA-8000-E33BB43E6762}.Debug|Win32.ActiveCfg = Debug|Win32
		{84FC17E4-F16B-40BA-8000-E33BB43E6762}.Debug|Win32.Build.0 = Debug|Win32
		{84FC17E4-F16B-40BA-8000-E33BB43E6762}.Release|Any CPU.ActiveCfg = Release|Win32
		{84FC17E4-F16B-40BA-8000-E33BB43E6762}.Release|Mixed Platforms.ActiveCfg = Release|Win32
		{84FC17E4-F16B-40BA-8000-E33BB43E6762}.Release|Mixed Platforms.Build.0 = Release|Win32
		{84FC17E4-F16B-40BA-8000-E33BB43E6762}.Release|Win32.ActiveCfg = Release|Win32
		{84FC17E4-F16B-40BA-8000-E33BB43E6762}.Release|Win32.Build.0 = Release|Win32
	EndGlobalSection
	GlobalSection(SolutionProperties) = preSolution
		HideSolutionNode = FALSE
	EndGlobalSection
	GlobalSection(ExtensibilityGlobals) = postSolution
		VisualSVNWorkingCopyRoot = .
	EndGlobalSection
EndGlobal
